
Microsoft Visual Studio Solution File, Format Version 12.00
# Visual Studio Version 17
VisualStudioVersion = 17.7.34202.233
MinimumVisualStudioVersion = 10.0.40219.1
Project("{FAE04EC0-301F-11D3-BF4B-00C04F79EFBC}") = "WindowsFormsApp1", "WindowsFormsApp1\WindowsFormsApp1.csproj", "{BC34ECB3-E132-4BD5-A46A-8FAA8B501745}"
EndProject
Project("{FAE04EC0-301F-11D3-BF4B-00C04F79EFBC}") = "UnitTest1", "UnitTest1\UnitTest1.csproj", "{7FD1C119-C41A-4608-A082-19F16187BB85}"
EndProject
Global
	GlobalSection(SolutionConfigurationPlatforms) = preSolution
		Debug|Any CPU = Debug|Any CPU
		Release|Any CPU = Release|Any CPU
	EndGlobalSection
	GlobalSection(ProjectConfigurationPlatforms) = postSolution
		{BC34ECB3-E132-4BD5-A46A-8FAA8B501745}.Debug|Any CPU.ActiveCfg = Debug|Any CPU
		{BC34ECB3-E132-4BD5-A46A-8FAA8B501745}.Debug|Any CPU.Build.0 = Debug|Any CPU
		{BC34ECB3-E132-4BD5-A46A-8FAA8B501745}.Release|Any CPU.ActiveCfg = Release|Any CPU
		{BC34ECB3-E132-4BD5-A46A-8FAA8B501745}.Release|Any CPU.Build.0 = Release|Any CPU
		{7FD1C119-C41A-4608-A082-19F16187BB85}.Debug|Any CPU.ActiveCfg = Debug|Any CPU
		{7FD1C119-C41A-4608-A082-19F16187BB85}.Debug|Any CPU.Build.0 = Debug|Any CPU
		{7FD1C119-C41A-4608-A082-19F16187BB85}.Release|Any CPU.ActiveCfg = Release|Any CPU
		{7FD1C119-C41A-4608-A082-19F16187BB85}.Release|Any CPU.Build.0 = Release|Any CPU
	EndGlobalSection
	GlobalSection(SolutionProperties) = preSolution
		HideSolutionNode = FALSE
	EndGlobalSection
	GlobalSection(ExtensibilityGlobals) = postSolution
		SolutionGuid = {117E6426-A79C-4BB6-80BC-11450157E2EE}
	EndGlobalSection
EndGlobal
